// !$*UTF8*$!
{
	archiveVersion = 1;
	classes = {
	};
	objectVersion = 46;
	objects = {

/* Begin PBXBuildFile section */
		28546782CEEB203EED7CCDDA /* Pods_Tumblr.framework in Frameworks */ = {isa = PBXBuildFile; fileRef = 5B4F675DFB69EC168E0A82F4 /* Pods_Tumblr.framework */; };
		621566791E8CA1BE00499E42 /* AppDelegate.swift in Sources */ = {isa = PBXBuildFile; fileRef = 621566781E8CA1BE00499E42 /* AppDelegate.swift */; };
		6215667B1E8CA1BE00499E42 /* PhotosViewController.swift in Sources */ = {isa = PBXBuildFile; fileRef = 6215667A1E8CA1BE00499E42 /* PhotosViewController.swift */; };
		6215667E1E8CA1BE00499E42 /* Main.storyboard in Resources */ = {isa = PBXBuildFile; fileRef = 6215667C1E8CA1BE00499E42 /* Main.storyboard */; };
		621566801E8CA1BE00499E42 /* Assets.xcassets in Resources */ = {isa = PBXBuildFile; fileRef = 6215667F1E8CA1BE00499E42 /* Assets.xcassets */; };
		621566831E8CA1BE00499E42 /* LaunchScreen.storyboard in Resources */ = {isa = PBXBuildFile; fileRef = 621566811E8CA1BE00499E42 /* LaunchScreen.storyboard */; };
		62B5AF6C1E8CB82A00C755C3 /* PhotoDetailsViewController.swift in Sources */ = {isa = PBXBuildFile; fileRef = 62B5AF6B1E8CB82A00C755C3 /* PhotoDetailsViewController.swift */; };
/* End PBXBuildFile section */

/* Begin PBXFileReference section */
		5B4F675DFB69EC168E0A82F4 /* Pods_Tumblr.framework */ = {isa = PBXFileReference; explicitFileType = wrapper.framework; includeInIndex = 0; path = Pods_Tumblr.framework; sourceTree = BUILT_PRODUCTS_DIR; };
		621566751E8CA1BE00499E42 /* Tumblr.app */ = {isa = PBXFileReference; explicitFileType = wrapper.application; includeInIndex = 0; path = Tumblr.app; sourceTree = BUILT_PRODUCTS_DIR; };
		621566781E8CA1BE00499E42 /* AppDelegate.swift */ = {isa = PBXFileReference; lastKnownFileType = sourcecode.swift; path = AppDelegate.swift; sourceTree = "<group>"; };
		6215667A1E8CA1BE00499E42 /* PhotosViewController.swift */ = {isa = PBXFileReference; lastKnownFileType = sourcecode.swift; path = PhotosViewController.swift; sourceTree = "<group>"; };
		6215667D1E8CA1BE00499E42 /* Base */ = {isa = PBXFileReference; lastKnownFileType = file.storyboard; name = Base; path = Base.lproj/Main.storyboard; sourceTree = "<group>"; };
		6215667F1E8CA1BE00499E42 /* Assets.xcassets */ = {isa = PBXFileReference; lastKnownFileType = folder.assetcatalog; path = Assets.xcassets; sourceTree = "<group>"; };
		621566821E8CA1BE00499E42 /* Base */ = {isa = PBXFileReference; lastKnownFileType = file.storyboard; name = Base; path = Base.lproj/LaunchScreen.storyboard; sourceTree = "<group>"; };
		621566841E8CA1BE00499E42 /* Info.plist */ = {isa = PBXFileReference; lastKnownFileType = text.plist.xml; path = Info.plist; sourceTree = "<group>"; };
		62B5AF6B1E8CB82A00C755C3 /* PhotoDetailsViewController.swift */ = {isa = PBXFileReference; fileEncoding = 4; lastKnownFileType = sourcecode.swift; path = PhotoDetailsViewController.swift; sourceTree = "<group>"; };
		A1F07BF708DCC390412CD6F6 /* Pods-Tumblr.release.xcconfig */ = {isa = PBXFileReference; includeInIndex = 1; lastKnownFileType = text.xcconfig; name = "Pods-Tumblr.release.xcconfig"; path = "Pods/Target Support Files/Pods-Tumblr/Pods-Tumblr.release.xcconfig"; sourceTree = "<group>"; };
		EF0BD1ED04D44B04A5A09CF3 /* Pods-Tumblr.debug.xcconfig */ = {isa = PBXFileReference; includeInIndex = 1; lastKnownFileType = text.xcconfig; name = "Pods-Tumblr.debug.xcconfig"; path = "Pods/Target Support Files/Pods-Tumblr/Pods-Tumblr.debug.xcconfig"; sourceTree = "<group>"; };
/* End PBXFileReference section */

/* Begin PBXFrameworksBuildPhase section */
		621566721E8CA1BD00499E42 /* Frameworks */ = {
			isa = PBXFrameworksBuildPhase;
			buildActionMask = 2147483647;
			files = (
				28546782CEEB203EED7CCDDA /* Pods_Tumblr.framework in Frameworks */,
			);
			runOnlyForDeploymentPostprocessing = 0;
		};
/* End PBXFrameworksBuildPhase section */

/* Begin PBXGroup section */
		6215666C1E8CA1BD00499E42 = {
			isa = PBXGroup;
			children = (
				621566771E8CA1BE00499E42 /* Tumblr */,
				621566761E8CA1BE00499E42 /* Products */,
				BFEE82B99BFF9E6450D9B1CD /* Pods */,
				F306DB00E280E77533000970 /* Frameworks */,
			);
			sourceTree = "<group>";
		};
		621566761E8CA1BE00499E42 /* Products */ = {
			isa = PBXGroup;
			children = (
				621566751E8CA1BE00499E42 /* Tumblr.app */,
			);
			name = Products;
			sourceTree = "<group>";
		};
		621566771E8CA1BE00499E42 /* Tumblr */ = {
			isa = PBXGroup;
			children = (
				621566781E8CA1BE00499E42 /* AppDelegate.swift */,
				6215667A1E8CA1BE00499E42 /* PhotosViewController.swift */,
				6215667C1E8CA1BE00499E42 /* Main.storyboard */,
				6215667F1E8CA1BE00499E42 /* Assets.xcassets */,
				621566811E8CA1BE00499E42 /* LaunchScreen.storyboard */,
				621566841E8CA1BE00499E42 /* Info.plist */,
				62B5AF6B1E8CB82A00C755C3 /* PhotoDetailsViewController.swift */,
			);
			path = Tumblr;
			sourceTree = "<group>";
		};
		BFEE82B99BFF9E6450D9B1CD /* Pods */ = {
			isa = PBXGroup;
			children = (
				EF0BD1ED04D44B04A5A09CF3 /* Pods-Tumblr.debug.xcconfig */,
				A1F07BF708DCC390412CD6F6 /* Pods-Tumblr.release.xcconfig */,
			);
			name = Pods;
			sourceTree = "<group>";
		};
		F306DB00E280E77533000970 /* Frameworks */ = {
			isa = PBXGroup;
			children = (
				5B4F675DFB69EC168E0A82F4 /* Pods_Tumblr.framework */,
			);
			name = Frameworks;
			sourceTree = "<group>";
		};
/* End PBXGroup section */

/* Begin PBXNativeTarget section */
		621566741E8CA1BD00499E42 /* Tumblr */ = {
			isa = PBXNativeTarget;
			buildConfigurationList = 621566871E8CA1BE00499E42 /* Build configuration list for PBXNativeTarget "Tumblr" */;
			buildPhases = (
				A53968AB492F8182A5D68165 /* [CP] Check Pods Manifest.lock */,
				621566711E8CA1BD00499E42 /* Sources */,
				621566721E8CA1BD00499E42 /* Frameworks */,
				621566731E8CA1BD00499E42 /* Resources */,
				1F750561AE614017829A1C14 /* [CP] Embed Pods Frameworks */,
				3C997E2D764B63508C03CD6B /* [CP] Copy Pods Resources */,
			);
			buildRules = (
			);
			dependencies = (
			);
			name = Tumblr;
			productName = Tumblr;
			productReference = 621566751E8CA1BE00499E42 /* Tumblr.app */;
			productType = "com.apple.product-type.application";
		};
/* End PBXNativeTarget section */

/* Begin PBXProject section */
		6215666D1E8CA1BD00499E42 /* Project object */ = {
			isa = PBXProject;
			attributes = {
				LastSwiftUpdateCheck = 0820;
				LastUpgradeCheck = 0820;
				ORGANIZATIONNAME = "Pattanashetty, Sadananda";
				TargetAttributes = {
					621566741E8CA1BD00499E42 = {
						CreatedOnToolsVersion = 8.2.1;
						DevelopmentTeam = G4SSPX3CBL;
						ProvisioningStyle = Automatic;
					};
				};
			};
			buildConfigurationList = 621566701E8CA1BD00499E42 /* Build configuration list for PBXProject "Tumblr" */;
			compatibilityVersion = "Xcode 3.2";
			developmentRegion = English;
			hasScannedForEncodings = 0;
			knownRegions = (
				en,
				Base,
			);
			mainGroup = 6215666C1E8CA1BD00499E42;
			productRefGroup = 621566761E8CA1BE00499E42 /* Products */;
			projectDirPath = "";
			projectRoot = "";
			targets = (
				621566741E8CA1BD00499E42 /* Tumblr */,
			);
		};
/* End PBXProject section */

/* Begin PBXResourcesBuildPhase section */
		621566731E8CA1BD00499E42 /* Resources */ = {
			isa = PBXResourcesBuildPhase;
			buildActionMask = 2147483647;
			files = (
				621566831E8CA1BE00499E42 /* LaunchScreen.storyboard in Resources */,
				621566801E8CA1BE00499E42 /* Assets.xcassets in Resources */,
				6215667E1E8CA1BE00499E42 /* Main.storyboard in Resources */,
			);
			runOnlyForDeploymentPostprocessing = 0;
		};
/* End PBXResourcesBuildPhase section */

/* Begin PBXShellScriptBuildPhase section */
		1F750561AE614017829A1C14 /* [CP] Embed Pods Frameworks */ = {
			isa = PBXShellScriptBuildPhase;
			buildActionMask = 2147483647;
			files = (
			);
			inputPaths = (
			);
			name = "[CP] Embed Pods Frameworks";
			outputPaths = (
			);
			runOnlyForDeploymentPostprocessing = 0;
			shellPath = /bin/sh;
			shellScript = "\"${SRCROOT}/Pods/Target Support Files/Pods-Tumblr/Pods-Tumblr-frameworks.sh\"\n";
			showEnvVarsInLog = 0;
		};
		3C997E2D764B63508C03CD6B /* [CP] Copy Pods Resources */ = {
			isa = PBXShellScriptBuildPhase;
			buildActionMask = 2147483647;
			files = (
			);
			inputPaths = (
			);
			name = "[CP] Copy Pods Resources";
			outputPaths = (
			);
			runOnlyForDeploymentPostprocessing = 0;
			shellPath = /bin/sh;
			shellScript = "\"${SRCROOT}/Pods/Target Support Files/Pods-Tumblr/Pods-Tumblr-resources.sh\"\n";
			showEnvVarsInLog = 0;
		};
		A53968AB492F8182A5D68165 /* [CP] Check Pods Manifest.lock */ = {
			isa = PBXShellScriptBuildPhase;
			buildActionMask = 2147483647;
			files = (
			);
			inputPaths = (
			);
			name = "[CP] Check Pods Manifest.lock";
			outputPaths = (
			);
			runOnlyForDeploymentPostprocessing = 0;
			shellPath = /bin/sh;
			shellScript = "diff \"${PODS_ROOT}/../Podfile.lock\" \"${PODS_ROOT}/Manifest.lock\" > /dev/null\nif [ $? != 0 ] ; then\n    # print error to STDERR\n    echo \"error: The sandbox is not in sync with the Podfile.lock. Run 'pod install' or update your CocoaPods installation.\" >&2\n    exit 1\nfi\n";
			showEnvVarsInLog = 0;
		};
/* End PBXShellScriptBuildPhase section */

/* Begin PBXSourcesBuildPhase section */
		621566711E8CA1BD00499E42 /* Sources */ = {
			isa = PBXSourcesBuildPhase;
			buildActionMask = 2147483647;
			files = (
				6215667B1E8CA1BE00499E42 /* PhotosViewController.swift in Sources */,
				621566791E8CA1BE00499E42 /* AppDelegate.swift in Sources */,
				62B5AF6C1E8CB82A00C755C3 /* PhotoDetailsViewController.swift in Sources */,
			);
			runOnlyForDeploymentPostprocessing = 0;
		};
/* End PBXSourcesBuildPhase section */

/* Begin PBXVariantGroup section */
		6215667C1E8CA1BE00499E42 /* Main.storyboard */ = {
			isa = PBXVariantGroup;
			children = (
				6215667D1E8CA1BE00499E42 /* Base */,
			);
			name = Main.storyboard;
			sourceTree = "<group>";
		};
		621566811E8CA1BE00499E42 /* LaunchScreen.storyboard */ = {
			isa = PBXVariantGroup;
			children = (
				621566821E8CA1BE00499E42 /* Base */,
			);
			name = LaunchScreen.storyboard;
			sourceTree = "<group>";
		};
/* End PBXVariantGroup section */

/* Begin XCBuildConfiguration section */
		621566851E8CA1BE00499E42 /* Debug */ = {
			isa = XCBuildConfiguration;
			buildSettings = {
				ALWAYS_SEARCH_USER_PATHS = NO;
				CLANG_ANALYZER_NONNULL = YES;
				CLANG_CXX_LANGUAGE_STANDARD = "gnu++0x";
				CLANG_CXX_LIBRARY = "libc++";
				CLANG_ENABLE_MODULES = YES;
				CLANG_ENABLE_OBJC_ARC = YES;
				CLANG_WARN_BOOL_CONVERSION = YES;
				CLANG_WARN_CONSTANT_CONVERSION = YES;
				CLANG_WARN_DIRECT_OBJC_ISA_USAGE = YES_ERROR;
				CLANG_WARN_DOCUMENTATION_COMMENTS = YES;
				CLANG_WARN_EMPTY_BODY = YES;
				CLANG_WARN_ENUM_CONVERSION = YES;
				CLANG_WARN_INFINITE_RECURSION = YES;
				CLANG_WARN_INT_CONVERSION = YES;
				CLANG_WARN_OBJC_ROOT_CLASS = YES_ERROR;
				CLANG_WARN_SUSPICIOUS_MOVE = YES;
				CLANG_WARN_UNREACHABLE_CODE = YES;
				CLANG_WARN__DUPLICATE_METHOD_MATCH = YES;
				"CODE_SIGN_IDENTITY[sdk=iphoneos*]" = "iPhone Developer";
				COPY_PHASE_STRIP = NO;
				DEBUG_INFORMATION_FORMAT = dwarf;
				ENABLE_STRICT_OBJC_MSGSEND = YES;
				ENABLE_TESTABILITY = YES;
				GCC_C_LANGUAGE_STANDARD = gnu99;
				GCC_DYNAMIC_NO_PIC = NO;
				GCC_NO_COMMON_BLOCKS = YES;
				GCC_OPTIMIZATION_LEVEL = 0;
				GCC_PREPROCESSOR_DEFINITIONS = (
					"DEBUG=1",
					"$(inherited)",
				);
				GCC_WARN_64_TO_32_BIT_CONVERSION = YES;
				GCC_WARN_ABOUT_RETURN_TYPE = YES_ERROR;
				GCC_WARN_UNDECLARED_SELECTOR = YES;
				GCC_WARN_UNINITIALIZED_AUTOS = YES_AGGRESSIVE;
				GCC_WARN_UNUSED_FUNCTION = YES;
				GCC_WARN_UNUSED_VARIABLE = YES;
				IPHONEOS_DEPLOYMENT_TARGET = 10.2;
				MTL_ENABLE_DEBUG_INFO = YES;
				ONLY_ACTIVE_ARCH = YES;
				SDKROOT = iphoneos;
				SWIFT_ACTIVE_COMPILATION_CONDITIONS = DEBUG;
				SWIFT_OPTIMIZATION_LEVEL = "-Onone";
				TARGETED_DEVICE_FAMILY = "1,2";
			};
			name = Debug;
		};
		621566861E8CA1BE00499E42 /* Release */ = {
			isa = XCBuildConfiguration;
			buildSettings = {
				ALWAYS_SEARCH_USER_PATHS = NO;
				CLANG_ANALYZER_NONNULL = YES;
				CLANG_CXX_LANGUAGE_STANDARD = "gnu++0x";
				CLANG_CXX_LIBRARY = "libc++";
				CLANG_ENABLE_MODULES = YES;
				CLANG_ENABLE_OBJC_ARC = YES;
				CLANG_WARN_BOOL_CONVERSION = YES;
				CLANG_WARN_CONSTANT_CONVERSION = YES;
				CLANG_WARN_DIRECT_OBJC_ISA_USAGE = YES_ERROR;
				CLANG_WARN_DOCUMENTATION_COMMENTS = YES;
				CLANG_WARN_EMPTY_BODY = YES;
				CLANG_WARN_ENUM_CONVERSION = YES;
				CLANG_WARN_INFINITE_RECURSION = YES;
				CLANG_WARN_INT_CONVERSION = YES;
				CLANG_WARN_OBJC_ROOT_CLASS = YES_ERROR;
				CLANG_WARN_SUSPICIOUS_MOVE = YES;
				CLANG_WARN_UNREACHABLE_CODE = YES;
				CLANG_WARN__DUPLICATE_METHOD_MATCH = YES;
				"CODE_SIGN_IDENTITY[sdk=iphoneos*]" = "iPhone Developer";
				COPY_PHASE_STRIP = NO;
				DEBUG_INFORMATION_FORMAT = "dwarf-with-dsym";
				ENABLE_NS_ASSERTIONS = NO;
				ENABLE_STRICT_OBJC_MSGSEND = YES;
				GCC_C_LANGUAGE_STANDARD = gnu99;
				GCC_NO_COMMON_BLOCKS = YES;
				GCC_WARN_64_TO_32_BIT_CONVERSION = YES;
				GCC_WARN_ABOUT_RETURN_TYPE = YES_ERROR;
				GCC_WARN_UNDECLARED_SELECTOR = YES;
				GCC_WARN_UNINITIALIZED_AUTOS = YES_AGGRESSIVE;
				GCC_WARN_UNUSED_FUNCTION = YES;
				GCC_WARN_UNUSED_VARIABLE = YES;
				IPHONEOS_DEPLOYMENT_TARGET = 10.2;
				MTL_ENABLE_DEBUG_INFO = NO;
				SDKROOT = iphoneos;
				SWIFT_OPTIMIZATION_LEVEL = "-Owholemodule";
				TARGETED_DEVICE_FAMILY = "1,2";
				VALIDATE_PRODUCT = YES;
			};
			name = Release;
		};
		621566881E8CA1BE00499E42 /* Debug */ = {
			isa = XCBuildConfiguration;
			baseConfigurationReference = EF0BD1ED04D44B04A5A09CF3 /* Pods-Tumblr.debug.xcconfig */;
			buildSettings = {
				ASSETCATALOG_COMPILER_APPICON_NAME = AppIcon;
				DEVELOPMENT_TEAM = G4SSPX3CBL;
				INFOPLIST_FILE = Tumblr/Info.plist;
				LD_RUNPATH_SEARCH_PATHS = "$(inherited) @executable_path/Frameworks";
				PRODUCT_BUNDLE_IDENTIFIER = com.intuit.Tumblr;
				PRODUCT_NAME = "$(TARGET_NAME)";
				SWIFT_OBJC_BRIDGING_HEADER = "";
				SWIFT_VERSION = 3.0;
			};
			name = Debug;
		};
		621566891E8CA1BE00499E42 /* Release */ = {
			isa = XCBuildConfiguration;
			baseConfigurationReference = A1F07BF708DCC390412CD6F6 /* Pods-Tumblr.release.xcconfig */;
			buildSettings = {
				ASSETCATALOG_COMPILER_APPICON_NAME = AppIcon;
				DEVELOPMENT_TEAM = G4SSPX3CBL;
				INFOPLIST_FILE = Tumblr/Info.plist;
				LD_RUNPATH_SEARCH_PATHS = "$(inherited) @executable_path/Frameworks";
				PRODUCT_BUNDLE_IDENTIFIER = com.intuit.Tumblr;
				PRODUCT_NAME = "$(TARGET_NAME)";
				SWIFT_OBJC_BRIDGING_HEADER = "";
				SWIFT_VERSION = 3.0;
			};
			name = Release;
		};
/* End XCBuildConfiguration section */

/* Begin XCConfigurationList section */
		621566701E8CA1BD00499E42 /* Build configuration list for PBXProject "Tumblr" */ = {
			isa = XCConfigurationList;
			buildConfigurations = (
				621566851E8CA1BE00499E42 /* Debug */,
				621566861E8CA1BE00499E42 /* Release */,
			);
			defaultConfigurationIsVisible = 0;
			defaultConfigurationName = Release;
		};
		621566871E8CA1BE00499E42 /* Build configuration list for PBXNativeTarget "Tumblr" */ = {
			isa = XCConfigurationList;
			buildConfigurations = (
				621566881E8CA1BE00499E42 /* Debug */,
				621566891E8CA1BE00499E42 /* Release */,
			);
			defaultConfigurationIsVisible = 0;
			defaultConfigurationName = Release;
		};
/* End XCConfigurationList section */
	};
	rootObject = 6215666D1E8CA1BD00499E42 /* Project object */;
}
